
Microsoft Visual Studio Solution File, Format Version 12.00
# Visual Studio Version 16
VisualStudioVersion = 16.0.30717.126
MinimumVisualStudioVersion = 10.0.40219.1
Project("{8BC9CEB8-8B4A-11D0-8D11-00A0C91BC942}") = "IsPowerOfTwo", "IsPowerOfTwo.vcxproj", "{596CA8EB-1C2B-48FA-8BA0-2AF0E26D0CA4}"
EndProject
Global
	GlobalSection(SolutionConfigurationPlatforms) = preSolution
		Debug|x64 = Debug|x64
		Debug|x86 = Debug|x86
		Release|x64 = Release|x64
		Release|x86 = Release|x86
	EndGlobalSection
	GlobalSection(ProjectConfigurationPlatforms) = postSolution
		{596CA8EB-1C2B-48FA-8BA0-2AF0E26D0CA4}.Debug|x64.ActiveCfg = Debug|x64
		{596CA8EB-1C2B-48FA-8BA0-2AF0E26D0CA4}.Debug|x64.Build.0 = Debug|x64
		{596CA8EB-1C2B-48FA-8BA0-2AF0E26D0CA4}.Debug|x86.ActiveCfg = Debug|Win32
		{596CA8EB-1C2B-48FA-8BA0-2AF0E26D0CA4}.Debug|x86.Build.0 = Debug|Win32
		{596CA8EB-1C2B-48FA-8BA0-2AF0E26D0CA4}.Release|x64.ActiveCfg = Release|x64
		{596CA8EB-1C2B-48FA-8BA0-2AF0E26D0CA4}.Release|x64.Build.0 = Release|x64
		{596CA8EB-1C2B-48FA-8BA0-2AF0E26D0CA4}.Release|x86.ActiveCfg = Release|Win32
		{596CA8EB-1C2B-48FA-8BA0-2AF0E26D0CA4}.Release|x86.Build.0 = Release|Win32
	EndGlobalSection
	GlobalSection(SolutionProperties) = preSolution
		HideSolutionNode = FALSE
	EndGlobalSection
	GlobalSection(ExtensibilityGlobals) = postSolution
		SolutionGuid = {7696E035-F23E-45B4-A712-E4396347BE91}
	EndGlobalSection
EndGlobal
